
Microsoft Visual Studio Solution File, Format Version 12.00
# Visual Studio Version 17
VisualStudioVersion = 17.0.31410.414
MinimumVisualStudioVersion = 10.0.40219.1
Project("{9A19103F-16F7-4668-BE54-9A1E7A4F7556}") = "DonationStore", "DonationStore\DonationStore.csproj", "{E28131ED-8D21-4C08-B19D-44C2970FC08E}"
EndProject
Project("{2150E333-8FDC-42A3-9474-1A3956D46DE8}") = "Application", "Application", "{19528965-8BB1-49F0-AA0B-DBE4B063D704}"
EndProject
Project("{9A19103F-16F7-4668-BE54-9A1E7A4F7556}") = "DonationStore.Application", "DonationStore.Application\DonationStore.Application.csproj", "{6EBB05DC-634E-4F3D-B9F1-B689C5C8A073}"
EndProject
Project("{9A19103F-16F7-4668-BE54-9A1E7A4F7556}") = "DonationStore.Repository", "DonationStore.Repository\DonationStore.Repository.csproj", "{AACB0663-969E-497F-9C1D-0F2699A42BBC}"
EndProject
Project("{9A19103F-16F7-4668-BE54-9A1E7A4F7556}") = "DonationStore.Enums", "DonationStore.Enums\DonationStore.Enums.csproj", "{6CEFD0C8-6010-46C5-B347-E8318426ECBE}"
EndProject
Project("{9A19103F-16F7-4668-BE54-9A1E7A4F7556}") = "DonationStore.Domain", "DonationStore.Domain\DonationStore.Domain.csproj", "{DB54B6CD-FCAE-4849-B664-F651E566E87C}"
EndProject
Project("{9A19103F-16F7-4668-BE54-9A1E7A4F7556}") = "DonationStore.Infrastructure", "DonationStore.Infrastructure\DonationStore.Infrastructure.csproj", "{E5F78C4B-DD02-4476-B624-0CB7445D4C19}"
EndProject
Global
	GlobalSection(SolutionConfigurationPlatforms) = preSolution
		Debug|Any CPU = Debug|Any CPU
		Release|Any CPU = Release|Any CPU
	EndGlobalSection
	GlobalSection(ProjectConfigurationPlatforms) = postSolution
		{E28131ED-8D21-4C08-B19D-44C2970FC08E}.Debug|Any CPU.ActiveCfg = Debug|Any CPU
		{E28131ED-8D21-4C08-B19D-44C2970FC08E}.Debug|Any CPU.Build.0 = Debug|Any CPU
		{E28131ED-8D21-4C08-B19D-44C2970FC08E}.Release|Any CPU.ActiveCfg = Release|Any CPU
		{E28131ED-8D21-4C08-B19D-44C2970FC08E}.Release|Any CPU.Build.0 = Release|Any CPU
		{6EBB05DC-634E-4F3D-B9F1-B689C5C8A073}.Debug|Any CPU.ActiveCfg = Debug|Any CPU
		{6EBB05DC-634E-4F3D-B9F1-B689C5C8A073}.Debug|Any CPU.Build.0 = Debug|Any CPU
		{6EBB05DC-634E-4F3D-B9F1-B689C5C8A073}.Release|Any CPU.ActiveCfg = Release|Any CPU
		{6EBB05DC-634E-4F3D-B9F1-B689C5C8A073}.Release|Any CPU.Build.0 = Release|Any CPU
		{AACB0663-969E-497F-9C1D-0F2699A42BBC}.Debug|Any CPU.ActiveCfg = Debug|Any CPU
		{AACB0663-969E-497F-9C1D-0F2699A42BBC}.Debug|Any CPU.Build.0 = Debug|Any CPU
		{AACB0663-969E-497F-9C1D-0F2699A42BBC}.Release|Any CPU.ActiveCfg = Release|Any CPU
		{AACB0663-969E-497F-9C1D-0F2699A42BBC}.Release|Any CPU.Build.0 = Release|Any CPU
		{6CEFD0C8-6010-46C5-B347-E8318426ECBE}.Debug|Any CPU.ActiveCfg = Debug|Any CPU
		{6CEFD0C8-6010-46C5-B347-E8318426ECBE}.Debug|Any CPU.Build.0 = Debug|Any CPU
		{6CEFD0C8-6010-46C5-B347-E8318426ECBE}.Release|Any CPU.ActiveCfg = Release|Any CPU
		{6CEFD0C8-6010-46C5-B347-E8318426ECBE}.Release|Any CPU.Build.0 = Release|Any CPU
		{DB54B6CD-FCAE-4849-B664-F651E566E87C}.Debug|Any CPU.ActiveCfg = Debug|Any CPU
		{DB54B6CD-FCAE-4849-B664-F651E566E87C}.Debug|Any CPU.Build.0 = Debug|Any CPU
		{DB54B6CD-FCAE-4849-B664-F651E566E87C}.Release|Any CPU.ActiveCfg = Release|Any CPU
		{DB54B6CD-FCAE-4849-B664-F651E566E87C}.Release|Any CPU.Build.0 = Release|Any CPU
		{E5F78C4B-DD02-4476-B624-0CB7445D4C19}.Debug|Any CPU.ActiveCfg = Debug|Any CPU
		{E5F78C4B-DD02-4476-B624-0CB7445D4C19}.Debug|Any CPU.Build.0 = Debug|Any CPU
		{E5F78C4B-DD02-4476-B624-0CB7445D4C19}.Release|Any CPU.ActiveCfg = Release|Any CPU
		{E5F78C4B-DD02-4476-B624-0CB7445D4C19}.Release|Any CPU.Build.0 = Release|Any CPU
	EndGlobalSection
	GlobalSection(SolutionProperties) = preSolution
		HideSolutionNode = FALSE
	EndGlobalSection
	GlobalSection(NestedProjects) = preSolution
		{6EBB05DC-634E-4F3D-B9F1-B689C5C8A073} = {19528965-8BB1-49F0-AA0B-DBE4B063D704}
		{AACB0663-969E-497F-9C1D-0F2699A42BBC} = {19528965-8BB1-49F0-AA0B-DBE4B063D704}
		{6CEFD0C8-6010-46C5-B347-E8318426ECBE} = {19528965-8BB1-49F0-AA0B-DBE4B063D704}
		{DB54B6CD-FCAE-4849-B664-F651E566E87C} = {19528965-8BB1-49F0-AA0B-DBE4B063D704}
		{E5F78C4B-DD02-4476-B624-0CB7445D4C19} = {19528965-8BB1-49F0-AA0B-DBE4B063D704}
	EndGlobalSection
	GlobalSection(ExtensibilityGlobals) = postSolution
		SolutionGuid = {E026C0F8-C8A9-4351-A454-D860259A9475}
	EndGlobalSection
EndGlobal
